// !$*UTF8*$!
{
	archiveVersion = 1;
	classes = {
	};
	objectVersion = 56;
	objects = {

/* Begin PBXBuildFile section */
		254B5C9529D89E8800CFCB49 /* AppDelegate.swift in Sources */ = {isa = PBXBuildFile; fileRef = 254B5C9429D89E8800CFCB49 /* AppDelegate.swift */; };
		254B5C9729D89E8800CFCB49 /* SceneDelegate.swift in Sources */ = {isa = PBXBuildFile; fileRef = 254B5C9629D89E8800CFCB49 /* SceneDelegate.swift */; };
		254B5C9929D89E8800CFCB49 /* HomeViewController.swift in Sources */ = {isa = PBXBuildFile; fileRef = 254B5C9829D89E8800CFCB49 /* HomeViewController.swift */; };
		254B5C9C29D89E8800CFCB49 /* Main.storyboard in Resources */ = {isa = PBXBuildFile; fileRef = 254B5C9A29D89E8800CFCB49 /* Main.storyboard */; };
		254B5C9E29D89E8A00CFCB49 /* Assets.xcassets in Resources */ = {isa = PBXBuildFile; fileRef = 254B5C9D29D89E8A00CFCB49 /* Assets.xcassets */; };
		254B5CA129D89E8A00CFCB49 /* LaunchScreen.storyboard in Resources */ = {isa = PBXBuildFile; fileRef = 254B5C9F29D89E8A00CFCB49 /* LaunchScreen.storyboard */; };
		254B5CAE29D8A14300CFCB49 /* ExploreViewController.swift in Sources */ = {isa = PBXBuildFile; fileRef = 254B5CAD29D8A14300CFCB49 /* ExploreViewController.swift */; };
		254B5CB029D8A14F00CFCB49 /* NotificationsViewController.swift in Sources */ = {isa = PBXBuildFile; fileRef = 254B5CAF29D8A14F00CFCB49 /* NotificationsViewController.swift */; };
		254B5CB229D8A15900CFCB49 /* CameraViewController.swift in Sources */ = {isa = PBXBuildFile; fileRef = 254B5CB129D8A15900CFCB49 /* CameraViewController.swift */; };
		254B5CB429D8A16400CFCB49 /* ProfileViewController.swift in Sources */ = {isa = PBXBuildFile; fileRef = 254B5CB329D8A16400CFCB49 /* ProfileViewController.swift */; };
		254B5CB929D8A21000CFCB49 /* LoginViewController.swift in Sources */ = {isa = PBXBuildFile; fileRef = 254B5CB829D8A21000CFCB49 /* LoginViewController.swift */; };
		254B5CBB29D8A21D00CFCB49 /* RegistrationViewController.swift in Sources */ = {isa = PBXBuildFile; fileRef = 254B5CBA29D8A21D00CFCB49 /* RegistrationViewController.swift */; };
		254B5CBD29D8A2DD00CFCB49 /* PostsViewController.swift in Sources */ = {isa = PBXBuildFile; fileRef = 254B5CBC29D8A2DD00CFCB49 /* PostsViewController.swift */; };
		254B5CBF29D8A2ED00CFCB49 /* EditProfileViewController.swift in Sources */ = {isa = PBXBuildFile; fileRef = 254B5CBE29D8A2ED00CFCB49 /* EditProfileViewController.swift */; };
		254B5CC129D8A2FC00CFCB49 /* SettingsViewController.swift in Sources */ = {isa = PBXBuildFile; fileRef = 254B5CC029D8A2FC00CFCB49 /* SettingsViewController.swift */; };
		254B5CC329D8A30500CFCB49 /* ListViewController.swift in Sources */ = {isa = PBXBuildFile; fileRef = 254B5CC229D8A30500CFCB49 /* ListViewController.swift */; };
		254B5CC529D8A31300CFCB49 /* SearchViewController.swift in Sources */ = {isa = PBXBuildFile; fileRef = 254B5CC429D8A31300CFCB49 /* SearchViewController.swift */; };
		254B5CC729D8A32100CFCB49 /* SearchResultsViewController.swift in Sources */ = {isa = PBXBuildFile; fileRef = 254B5CC629D8A32100CFCB49 /* SearchResultsViewController.swift */; };
		254B5CC929D8A48800CFCB49 /* PostEditorViewController.swift in Sources */ = {isa = PBXBuildFile; fileRef = 254B5CC829D8A48800CFCB49 /* PostEditorViewController.swift */; };
		254B5CCB29D8A49400CFCB49 /* PublishPostViewController.swift in Sources */ = {isa = PBXBuildFile; fileRef = 254B5CCA29D8A49400CFCB49 /* PublishPostViewController.swift */; };
		2570901429E5D6F9004BC909 /* GoogleService-Info.plist in Resources */ = {isa = PBXBuildFile; fileRef = 2570901329E5D6F9004BC909 /* GoogleService-Info.plist */; };
		2570901829E7255D004BC909 /* DatabaseManager.swift in Sources */ = {isa = PBXBuildFile; fileRef = 2570901729E7255D004BC909 /* DatabaseManager.swift */; };
		2570901A29E72710004BC909 /* AuthManager.swift in Sources */ = {isa = PBXBuildFile; fileRef = 2570901929E72710004BC909 /* AuthManager.swift */; };
		2570901C29E7288B004BC909 /* StorageManager.swift in Sources */ = {isa = PBXBuildFile; fileRef = 2570901B29E7288B004BC909 /* StorageManager.swift */; };
		542AC4704E2788001A44CD47 /* Pods_Instagram.framework in Frameworks */ = {isa = PBXBuildFile; fileRef = D74719823307A7CB7FED2F34 /* Pods_Instagram.framework */; };
/* End PBXBuildFile section */

/* Begin PBXFileReference section */
		254B5C9129D89E8800CFCB49 /* Instagram.app */ = {isa = PBXFileReference; explicitFileType = wrapper.application; includeInIndex = 0; path = Instagram.app; sourceTree = BUILT_PRODUCTS_DIR; };
		254B5C9429D89E8800CFCB49 /* AppDelegate.swift */ = {isa = PBXFileReference; lastKnownFileType = sourcecode.swift; path = AppDelegate.swift; sourceTree = "<group>"; };
		254B5C9629D89E8800CFCB49 /* SceneDelegate.swift */ = {isa = PBXFileReference; lastKnownFileType = sourcecode.swift; path = SceneDelegate.swift; sourceTree = "<group>"; };
		254B5C9829D89E8800CFCB49 /* HomeViewController.swift */ = {isa = PBXFileReference; lastKnownFileType = sourcecode.swift; path = HomeViewController.swift; sourceTree = "<group>"; };
		254B5C9B29D89E8800CFCB49 /* Base */ = {isa = PBXFileReference; lastKnownFileType = file.storyboard; name = Base; path = Base.lproj/Main.storyboard; sourceTree = "<group>"; };
		254B5C9D29D89E8A00CFCB49 /* Assets.xcassets */ = {isa = PBXFileReference; lastKnownFileType = folder.assetcatalog; path = Assets.xcassets; sourceTree = "<group>"; };
		254B5CA029D89E8A00CFCB49 /* Base */ = {isa = PBXFileReference; lastKnownFileType = file.storyboard; name = Base; path = Base.lproj/LaunchScreen.storyboard; sourceTree = "<group>"; };
		254B5CA229D89E8A00CFCB49 /* Info.plist */ = {isa = PBXFileReference; lastKnownFileType = text.plist.xml; path = Info.plist; sourceTree = "<group>"; };
		254B5CAD29D8A14300CFCB49 /* ExploreViewController.swift */ = {isa = PBXFileReference; lastKnownFileType = sourcecode.swift; path = ExploreViewController.swift; sourceTree = "<group>"; };
		254B5CAF29D8A14F00CFCB49 /* NotificationsViewController.swift */ = {isa = PBXFileReference; lastKnownFileType = sourcecode.swift; path = NotificationsViewController.swift; sourceTree = "<group>"; };
		254B5CB129D8A15900CFCB49 /* CameraViewController.swift */ = {isa = PBXFileReference; lastKnownFileType = sourcecode.swift; path = CameraViewController.swift; sourceTree = "<group>"; };
		254B5CB329D8A16400CFCB49 /* ProfileViewController.swift */ = {isa = PBXFileReference; lastKnownFileType = sourcecode.swift; path = ProfileViewController.swift; sourceTree = "<group>"; };
		254B5CB829D8A21000CFCB49 /* LoginViewController.swift */ = {isa = PBXFileReference; lastKnownFileType = sourcecode.swift; path = LoginViewController.swift; sourceTree = "<group>"; };
		254B5CBA29D8A21D00CFCB49 /* RegistrationViewController.swift */ = {isa = PBXFileReference; lastKnownFileType = sourcecode.swift; path = RegistrationViewController.swift; sourceTree = "<group>"; };
		254B5CBC29D8A2DD00CFCB49 /* PostsViewController.swift */ = {isa = PBXFileReference; lastKnownFileType = sourcecode.swift; path = PostsViewController.swift; sourceTree = "<group>"; };
		254B5CBE29D8A2ED00CFCB49 /* EditProfileViewController.swift */ = {isa = PBXFileReference; lastKnownFileType = sourcecode.swift; path = EditProfileViewController.swift; sourceTree = "<group>"; };
		254B5CC029D8A2FC00CFCB49 /* SettingsViewController.swift */ = {isa = PBXFileReference; lastKnownFileType = sourcecode.swift; path = SettingsViewController.swift; sourceTree = "<group>"; };
		254B5CC229D8A30500CFCB49 /* ListViewController.swift */ = {isa = PBXFileReference; lastKnownFileType = sourcecode.swift; path = ListViewController.swift; sourceTree = "<group>"; };
		254B5CC429D8A31300CFCB49 /* SearchViewController.swift */ = {isa = PBXFileReference; lastKnownFileType = sourcecode.swift; path = SearchViewController.swift; sourceTree = "<group>"; };
		254B5CC629D8A32100CFCB49 /* SearchResultsViewController.swift */ = {isa = PBXFileReference; lastKnownFileType = sourcecode.swift; path = SearchResultsViewController.swift; sourceTree = "<group>"; };
		254B5CC829D8A48800CFCB49 /* PostEditorViewController.swift */ = {isa = PBXFileReference; lastKnownFileType = sourcecode.swift; path = PostEditorViewController.swift; sourceTree = "<group>"; };
		254B5CCA29D8A49400CFCB49 /* PublishPostViewController.swift */ = {isa = PBXFileReference; lastKnownFileType = sourcecode.swift; path = PublishPostViewController.swift; sourceTree = "<group>"; };
		2570901329E5D6F9004BC909 /* GoogleService-Info.plist */ = {isa = PBXFileReference; fileEncoding = 4; lastKnownFileType = text.plist.xml; name = "GoogleService-Info.plist"; path = "../../../../Downloads/GoogleService-Info.plist"; sourceTree = "<group>"; };
		2570901529E5D728004BC909 /* GoogleService-Info.plist */ = {isa = PBXFileReference; lastKnownFileType = text.plist.xml; path = "GoogleService-Info.plist"; sourceTree = "<group>"; };
		2570901729E7255D004BC909 /* DatabaseManager.swift */ = {isa = PBXFileReference; lastKnownFileType = sourcecode.swift; path = DatabaseManager.swift; sourceTree = "<group>"; };
		2570901929E72710004BC909 /* AuthManager.swift */ = {isa = PBXFileReference; lastKnownFileType = sourcecode.swift; path = AuthManager.swift; sourceTree = "<group>"; };
		2570901B29E7288B004BC909 /* StorageManager.swift */ = {isa = PBXFileReference; lastKnownFileType = sourcecode.swift; path = StorageManager.swift; sourceTree = "<group>"; };
		2B3C66E47432F259DA3C9B86 /* Pods-Instagram.debug.xcconfig */ = {isa = PBXFileReference; includeInIndex = 1; lastKnownFileType = text.xcconfig; name = "Pods-Instagram.debug.xcconfig"; path = "Target Support Files/Pods-Instagram/Pods-Instagram.debug.xcconfig"; sourceTree = "<group>"; };
		A58FE78A9AFD6D56397958BC /* Pods-Instagram.release.xcconfig */ = {isa = PBXFileReference; includeInIndex = 1; lastKnownFileType = text.xcconfig; name = "Pods-Instagram.release.xcconfig"; path = "Target Support Files/Pods-Instagram/Pods-Instagram.release.xcconfig"; sourceTree = "<group>"; };
		D74719823307A7CB7FED2F34 /* Pods_Instagram.framework */ = {isa = PBXFileReference; explicitFileType = wrapper.framework; includeInIndex = 0; path = Pods_Instagram.framework; sourceTree = BUILT_PRODUCTS_DIR; };
/* End PBXFileReference section */

/* Begin PBXFrameworksBuildPhase section */
		254B5C8E29D89E8800CFCB49 /* Frameworks */ = {
			isa = PBXFrameworksBuildPhase;
			buildActionMask = 2147483647;
			files = (
				542AC4704E2788001A44CD47 /* Pods_Instagram.framework in Frameworks */,
			);
			runOnlyForDeploymentPostprocessing = 0;
		};
/* End PBXFrameworksBuildPhase section */

/* Begin PBXGroup section */
		254B5C8829D89E8800CFCB49 = {
			isa = PBXGroup;
			children = (
				254B5C9329D89E8800CFCB49 /* Instagram */,
				254B5C9229D89E8800CFCB49 /* Products */,
				649C716BDFDA2652B42F1FBE /* Pods */,
				3113C0A55824BB7A9C6E5FAC /* Frameworks */,
			);
			sourceTree = "<group>";
		};
		254B5C9229D89E8800CFCB49 /* Products */ = {
			isa = PBXGroup;
			children = (
				254B5C9129D89E8800CFCB49 /* Instagram.app */,
			);
			name = Products;
			sourceTree = "<group>";
		};
		254B5C9329D89E8800CFCB49 /* Instagram */ = {
			isa = PBXGroup;
			children = (
				254B5CAB29D89F7200CFCB49 /* Resources */,
				254B5CAA29D89F6B00CFCB49 /* Models */,
				254B5CA929D89F4D00CFCB49 /* Controllers */,
				254B5CA829D89F1D00CFCB49 /* Views */,
				254B5CA229D89E8A00CFCB49 /* Info.plist */,
				2570901329E5D6F9004BC909 /* GoogleService-Info.plist */,
			);
			path = Instagram;
			sourceTree = "<group>";
		};
		254B5CA829D89F1D00CFCB49 /* Views */ = {
			isa = PBXGroup;
			children = (
				254B5C9D29D89E8A00CFCB49 /* Assets.xcassets */,
				254B5CAC29D89F9600CFCB49 /* Storyboards */,
			);
			path = Views;
			sourceTree = "<group>";
		};
		254B5CA929D89F4D00CFCB49 /* Controllers */ = {
			isa = PBXGroup;
			children = (
				254B5CB629D8A1F600CFCB49 /* Others */,
				254B5CB529D8A16B00CFCB49 /* Core Tabs */,
			);
			path = Controllers;
			sourceTree = "<group>";
		};
		254B5CAA29D89F6B00CFCB49 /* Models */ = {
			isa = PBXGroup;
			children = (
			);
			path = Models;
			sourceTree = "<group>";
		};
		254B5CAB29D89F7200CFCB49 /* Resources */ = {
			isa = PBXGroup;
			children = (
				2570901529E5D728004BC909 /* GoogleService-Info.plist */,
				254B5C9429D89E8800CFCB49 /* AppDelegate.swift */,
				254B5C9629D89E8800CFCB49 /* SceneDelegate.swift */,
				2570901729E7255D004BC909 /* DatabaseManager.swift */,
				2570901929E72710004BC909 /* AuthManager.swift */,
				2570901B29E7288B004BC909 /* StorageManager.swift */,
			);
			path = Resources;
			sourceTree = "<group>";
		};
		254B5CAC29D89F9600CFCB49 /* Storyboards */ = {
			isa = PBXGroup;
			children = (
				254B5C9A29D89E8800CFCB49 /* Main.storyboard */,
				254B5C9F29D89E8A00CFCB49 /* LaunchScreen.storyboard */,
			);
			path = Storyboards;
			sourceTree = "<group>";
		};
		254B5CB529D8A16B00CFCB49 /* Core Tabs */ = {
			isa = PBXGroup;
			children = (
				254B5C9829D89E8800CFCB49 /* HomeViewController.swift */,
				254B5CAD29D8A14300CFCB49 /* ExploreViewController.swift */,
				254B5CAF29D8A14F00CFCB49 /* NotificationsViewController.swift */,
				254B5CB129D8A15900CFCB49 /* CameraViewController.swift */,
				254B5CB329D8A16400CFCB49 /* ProfileViewController.swift */,
			);
			path = "Core Tabs";
			sourceTree = "<group>";
		};
		254B5CB629D8A1F600CFCB49 /* Others */ = {
			isa = PBXGroup;
			children = (
				254B5CB729D8A1FE00CFCB49 /* Onboarding */,
				2570901629E71BBE004BC909 /* General */,
			);
			path = Others;
			sourceTree = "<group>";
		};
		254B5CB729D8A1FE00CFCB49 /* Onboarding */ = {
			isa = PBXGroup;
			children = (
				254B5CB829D8A21000CFCB49 /* LoginViewController.swift */,
				254B5CBA29D8A21D00CFCB49 /* RegistrationViewController.swift */,
			);
			path = Onboarding;
			sourceTree = "<group>";
		};
		2570901629E71BBE004BC909 /* General */ = {
			isa = PBXGroup;
			children = (
				254B5CBC29D8A2DD00CFCB49 /* PostsViewController.swift */,
				254B5CBE29D8A2ED00CFCB49 /* EditProfileViewController.swift */,
				254B5CC029D8A2FC00CFCB49 /* SettingsViewController.swift */,
				254B5CC229D8A30500CFCB49 /* ListViewController.swift */,
				254B5CC429D8A31300CFCB49 /* SearchViewController.swift */,
				254B5CC629D8A32100CFCB49 /* SearchResultsViewController.swift */,
				254B5CC829D8A48800CFCB49 /* PostEditorViewController.swift */,
				254B5CCA29D8A49400CFCB49 /* PublishPostViewController.swift */,
			);
			path = General;
			sourceTree = "<group>";
		};
		3113C0A55824BB7A9C6E5FAC /* Frameworks */ = {
			isa = PBXGroup;
			children = (
				D74719823307A7CB7FED2F34 /* Pods_Instagram.framework */,
			);
			name = Frameworks;
			sourceTree = "<group>";
		};
		649C716BDFDA2652B42F1FBE /* Pods */ = {
			isa = PBXGroup;
			children = (
				2B3C66E47432F259DA3C9B86 /* Pods-Instagram.debug.xcconfig */,
				A58FE78A9AFD6D56397958BC /* Pods-Instagram.release.xcconfig */,
			);
			path = Pods;
			sourceTree = "<group>";
		};
/* End PBXGroup section */

/* Begin PBXNativeTarget section */
		254B5C9029D89E8800CFCB49 /* Instagram */ = {
			isa = PBXNativeTarget;
			buildConfigurationList = 254B5CA529D89E8A00CFCB49 /* Build configuration list for PBXNativeTarget "Instagram" */;
			buildPhases = (
				9D4413AE6756EA5ADAE1E329 /* [CP] Check Pods Manifest.lock */,
				254B5C8D29D89E8800CFCB49 /* Sources */,
				254B5C8E29D89E8800CFCB49 /* Frameworks */,
				254B5C8F29D89E8800CFCB49 /* Resources */,
				EC5745719D7BE4F693EEE89E /* [CP] Embed Pods Frameworks */,
			);
			buildRules = (
			);
			dependencies = (
			);
			name = Instagram;
			productName = Instagram;
			productReference = 254B5C9129D89E8800CFCB49 /* Instagram.app */;
			productType = "com.apple.product-type.application";
		};
/* End PBXNativeTarget section */

/* Begin PBXProject section */
		254B5C8929D89E8800CFCB49 /* Project object */ = {
			isa = PBXProject;
			attributes = {
				BuildIndependentTargetsInParallel = 1;
				LastSwiftUpdateCheck = 1420;
				LastUpgradeCheck = 1420;
				TargetAttributes = {
					254B5C9029D89E8800CFCB49 = {
						CreatedOnToolsVersion = 14.2;
					};
				};
			};
			buildConfigurationList = 254B5C8C29D89E8800CFCB49 /* Build configuration list for PBXProject "Instagram" */;
			compatibilityVersion = "Xcode 14.0";
			developmentRegion = en;
			hasScannedForEncodings = 0;
			knownRegions = (
				en,
				Base,
			);
			mainGroup = 254B5C8829D89E8800CFCB49;
			productRefGroup = 254B5C9229D89E8800CFCB49 /* Products */;
			projectDirPath = "";
			projectRoot = "";
			targets = (
				254B5C9029D89E8800CFCB49 /* Instagram */,
			);
		};
/* End PBXProject section */

/* Begin PBXResourcesBuildPhase section */
		254B5C8F29D89E8800CFCB49 /* Resources */ = {
			isa = PBXResourcesBuildPhase;
			buildActionMask = 2147483647;
			files = (
				254B5CA129D89E8A00CFCB49 /* LaunchScreen.storyboard in Resources */,
				2570901429E5D6F9004BC909 /* GoogleService-Info.plist in Resources */,
				254B5C9E29D89E8A00CFCB49 /* Assets.xcassets in Resources */,
				254B5C9C29D89E8800CFCB49 /* Main.storyboard in Resources */,
			);
			runOnlyForDeploymentPostprocessing = 0;
		};
/* End PBXResourcesBuildPhase section */

/* Begin PBXShellScriptBuildPhase section */
		9D4413AE6756EA5ADAE1E329 /* [CP] Check Pods Manifest.lock */ = {
			isa = PBXShellScriptBuildPhase;
			buildActionMask = 2147483647;
			files = (
			);
			inputFileListPaths = (
			);
			inputPaths = (
				"${PODS_PODFILE_DIR_PATH}/Podfile.lock",
				"${PODS_ROOT}/Manifest.lock",
			);
			name = "[CP] Check Pods Manifest.lock";
			outputFileListPaths = (
			);
			outputPaths = (
				"$(DERIVED_FILE_DIR)/Pods-Instagram-checkManifestLockResult.txt",
			);
			runOnlyForDeploymentPostprocessing = 0;
			shellPath = /bin/sh;
			shellScript = "diff \"${PODS_PODFILE_DIR_PATH}/Podfile.lock\" \"${PODS_ROOT}/Manifest.lock\" > /dev/null\nif [ $? != 0 ] ; then\n    # print error to STDERR\n    echo \"error: The sandbox is not in sync with the Podfile.lock. Run 'pod install' or update your CocoaPods installation.\" >&2\n    exit 1\nfi\n# This output is used by Xcode 'outputs' to avoid re-running this script phase.\necho \"SUCCESS\" > \"${SCRIPT_OUTPUT_FILE_0}\"\n";
			showEnvVarsInLog = 0;
		};
		EC5745719D7BE4F693EEE89E /* [CP] Embed Pods Frameworks */ = {
			isa = PBXShellScriptBuildPhase;
			buildActionMask = 2147483647;
			files = (
			);
			inputFileListPaths = (
				"${PODS_ROOT}/Target Support Files/Pods-Instagram/Pods-Instagram-frameworks-${CONFIGURATION}-input-files.xcfilelist",
			);
			name = "[CP] Embed Pods Frameworks";
			outputFileListPaths = (
				"${PODS_ROOT}/Target Support Files/Pods-Instagram/Pods-Instagram-frameworks-${CONFIGURATION}-output-files.xcfilelist",
			);
			runOnlyForDeploymentPostprocessing = 0;
			shellPath = /bin/sh;
			shellScript = "\"${PODS_ROOT}/Target Support Files/Pods-Instagram/Pods-Instagram-frameworks.sh\"\n";
			showEnvVarsInLog = 0;
		};
/* End PBXShellScriptBuildPhase section */

/* Begin PBXSourcesBuildPhase section */
		254B5C8D29D89E8800CFCB49 /* Sources */ = {
			isa = PBXSourcesBuildPhase;
			buildActionMask = 2147483647;
			files = (
				254B5CBF29D8A2ED00CFCB49 /* EditProfileViewController.swift in Sources */,
				254B5CB029D8A14F00CFCB49 /* NotificationsViewController.swift in Sources */,
				254B5CCB29D8A49400CFCB49 /* PublishPostViewController.swift in Sources */,
				254B5CAE29D8A14300CFCB49 /* ExploreViewController.swift in Sources */,
				254B5C9929D89E8800CFCB49 /* HomeViewController.swift in Sources */,
				254B5CC729D8A32100CFCB49 /* SearchResultsViewController.swift in Sources */,
				254B5CC929D8A48800CFCB49 /* PostEditorViewController.swift in Sources */,
				2570901C29E7288B004BC909 /* StorageManager.swift in Sources */,
				254B5CBB29D8A21D00CFCB49 /* RegistrationViewController.swift in Sources */,
				2570901829E7255D004BC909 /* DatabaseManager.swift in Sources */,
				254B5CBD29D8A2DD00CFCB49 /* PostsViewController.swift in Sources */,
				254B5C9529D89E8800CFCB49 /* AppDelegate.swift in Sources */,
				254B5CB929D8A21000CFCB49 /* LoginViewController.swift in Sources */,
				254B5CC529D8A31300CFCB49 /* SearchViewController.swift in Sources */,
				254B5CB429D8A16400CFCB49 /* ProfileViewController.swift in Sources */,
				2570901A29E72710004BC909 /* AuthManager.swift in Sources */,
				254B5C9729D89E8800CFCB49 /* SceneDelegate.swift in Sources */,
				254B5CB229D8A15900CFCB49 /* CameraViewController.swift in Sources */,
				254B5CC329D8A30500CFCB49 /* ListViewController.swift in Sources */,
				254B5CC129D8A2FC00CFCB49 /* SettingsViewController.swift in Sources */,
			);
			runOnlyForDeploymentPostprocessing = 0;
		};
/* End PBXSourcesBuildPhase section */

/* Begin PBXVariantGroup section */
		254B5C9A29D89E8800CFCB49 /* Main.storyboard */ = {
			isa = PBXVariantGroup;
			children = (
				254B5C9B29D89E8800CFCB49 /* Base */,
			);
			name = Main.storyboard;
			sourceTree = "<group>";
		};
		254B5C9F29D89E8A00CFCB49 /* LaunchScreen.storyboard */ = {
			isa = PBXVariantGroup;
			children = (
				254B5CA029D89E8A00CFCB49 /* Base */,
			);
			name = LaunchScreen.storyboard;
			sourceTree = "<group>";
		};
/* End PBXVariantGroup section */

/* Begin XCBuildConfiguration section */
		254B5CA329D89E8A00CFCB49 /* Debug */ = {
			isa = XCBuildConfiguration;
			buildSettings = {
				ALWAYS_SEARCH_USER_PATHS = NO;
				CLANG_ANALYZER_NONNULL = YES;
				CLANG_ANALYZER_NUMBER_OBJECT_CONVERSION = YES_AGGRESSIVE;
				CLANG_CXX_LANGUAGE_STANDARD = "gnu++20";
				CLANG_ENABLE_MODULES = YES;
				CLANG_ENABLE_OBJC_ARC = YES;
				CLANG_ENABLE_OBJC_WEAK = YES;
				CLANG_WARN_BLOCK_CAPTURE_AUTORELEASING = YES;
				CLANG_WARN_BOOL_CONVERSION = YES;
				CLANG_WARN_COMMA = YES;
				CLANG_WARN_CONSTANT_CONVERSION = YES;
				CLANG_WARN_DEPRECATED_OBJC_IMPLEMENTATIONS = YES;
				CLANG_WARN_DIRECT_OBJC_ISA_USAGE = YES_ERROR;
				CLANG_WARN_DOCUMENTATION_COMMENTS = YES;
				CLANG_WARN_EMPTY_BODY = YES;
				CLANG_WARN_ENUM_CONVERSION = YES;
				CLANG_WARN_INFINITE_RECURSION = YES;
				CLANG_WARN_INT_CONVERSION = YES;
				CLANG_WARN_NON_LITERAL_NULL_CONVERSION = YES;
				CLANG_WARN_OBJC_IMPLICIT_RETAIN_SELF = YES;
				CLANG_WARN_OBJC_LITERAL_CONVERSION = YES;
				CLANG_WARN_OBJC_ROOT_CLASS = YES_ERROR;
				CLANG_WARN_QUOTED_INCLUDE_IN_FRAMEWORK_HEADER = YES;
				CLANG_WARN_RANGE_LOOP_ANALYSIS = YES;
				CLANG_WARN_STRICT_PROTOTYPES = YES;
				CLANG_WARN_SUSPICIOUS_MOVE = YES;
				CLANG_WARN_UNGUARDED_AVAILABILITY = YES_AGGRESSIVE;
				CLANG_WARN_UNREACHABLE_CODE = YES;
				CLANG_WARN__DUPLICATE_METHOD_MATCH = YES;
				COPY_PHASE_STRIP = NO;
				DEBUG_INFORMATION_FORMAT = dwarf;
				ENABLE_STRICT_OBJC_MSGSEND = YES;
				ENABLE_TESTABILITY = YES;
				GCC_C_LANGUAGE_STANDARD = gnu11;
				GCC_DYNAMIC_NO_PIC = NO;
				GCC_NO_COMMON_BLOCKS = YES;
				GCC_OPTIMIZATION_LEVEL = 0;
				GCC_PREPROCESSOR_DEFINITIONS = (
					"DEBUG=1",
					"$(inherited)",
				);
				GCC_WARN_64_TO_32_BIT_CONVERSION = YES;
				GCC_WARN_ABOUT_RETURN_TYPE = YES_ERROR;
				GCC_WARN_UNDECLARED_SELECTOR = YES;
				GCC_WARN_UNINITIALIZED_AUTOS = YES_AGGRESSIVE;
				GCC_WARN_UNUSED_FUNCTION = YES;
				GCC_WARN_UNUSED_VARIABLE = YES;
				IPHONEOS_DEPLOYMENT_TARGET = 16.2;
				MTL_ENABLE_DEBUG_INFO = INCLUDE_SOURCE;
				MTL_FAST_MATH = YES;
				ONLY_ACTIVE_ARCH = YES;
				SDKROOT = iphoneos;
				SWIFT_ACTIVE_COMPILATION_CONDITIONS = DEBUG;
				SWIFT_OPTIMIZATION_LEVEL = "-Onone";
			};
			name = Debug;
		};
		254B5CA429D89E8A00CFCB49 /* Release */ = {
			isa = XCBuildConfiguration;
			buildSettings = {
				ALWAYS_SEARCH_USER_PATHS = NO;
				CLANG_ANALYZER_NONNULL = YES;
				CLANG_ANALYZER_NUMBER_OBJECT_CONVERSION = YES_AGGRESSIVE;
				CLANG_CXX_LANGUAGE_STANDARD = "gnu++20";
				CLANG_ENABLE_MODULES = YES;
				CLANG_ENABLE_OBJC_ARC = YES;
				CLANG_ENABLE_OBJC_WEAK = YES;
				CLANG_WARN_BLOCK_CAPTURE_AUTORELEASING = YES;
				CLANG_WARN_BOOL_CONVERSION = YES;
				CLANG_WARN_COMMA = YES;
				CLANG_WARN_CONSTANT_CONVERSION = YES;
				CLANG_WARN_DEPRECATED_OBJC_IMPLEMENTATIONS = YES;
				CLANG_WARN_DIRECT_OBJC_ISA_USAGE = YES_ERROR;
				CLANG_WARN_DOCUMENTATION_COMMENTS = YES;
				CLANG_WARN_EMPTY_BODY = YES;
				CLANG_WARN_ENUM_CONVERSION = YES;
				CLANG_WARN_INFINITE_RECURSION = YES;
				CLANG_WARN_INT_CONVERSION = YES;
				CLANG_WARN_NON_LITERAL_NULL_CONVERSION = YES;
				CLANG_WARN_OBJC_IMPLICIT_RETAIN_SELF = YES;
				CLANG_WARN_OBJC_LITERAL_CONVERSION = YES;
				CLANG_WARN_OBJC_ROOT_CLASS = YES_ERROR;
				CLANG_WARN_QUOTED_INCLUDE_IN_FRAMEWORK_HEADER = YES;
				CLANG_WARN_RANGE_LOOP_ANALYSIS = YES;
				CLANG_WARN_STRICT_PROTOTYPES = YES;
				CLANG_WARN_SUSPICIOUS_MOVE = YES;
				CLANG_WARN_UNGUARDED_AVAILABILITY = YES_AGGRESSIVE;
				CLANG_WARN_UNREACHABLE_CODE = YES;
				CLANG_WARN__DUPLICATE_METHOD_MATCH = YES;
				COPY_PHASE_STRIP = NO;
				DEBUG_INFORMATION_FORMAT = "dwarf-with-dsym";
				ENABLE_NS_ASSERTIONS = NO;
				ENABLE_STRICT_OBJC_MSGSEND = YES;
				GCC_C_LANGUAGE_STANDARD = gnu11;
				GCC_NO_COMMON_BLOCKS = YES;
				GCC_WARN_64_TO_32_BIT_CONVERSION = YES;
				GCC_WARN_ABOUT_RETURN_TYPE = YES_ERROR;
				GCC_WARN_UNDECLARED_SELECTOR = YES;
				GCC_WARN_UNINITIALIZED_AUTOS = YES_AGGRESSIVE;
				GCC_WARN_UNUSED_FUNCTION = YES;
				GCC_WARN_UNUSED_VARIABLE = YES;
				IPHONEOS_DEPLOYMENT_TARGET = 16.2;
				MTL_ENABLE_DEBUG_INFO = NO;
				MTL_FAST_MATH = YES;
				SDKROOT = iphoneos;
				SWIFT_COMPILATION_MODE = wholemodule;
				SWIFT_OPTIMIZATION_LEVEL = "-O";
				VALIDATE_PRODUCT = YES;
			};
			name = Release;
		};
		254B5CA629D89E8A00CFCB49 /* Debug */ = {
			isa = XCBuildConfiguration;
			baseConfigurationReference = 2B3C66E47432F259DA3C9B86 /* Pods-Instagram.debug.xcconfig */;
			buildSettings = {
				ASSETCATALOG_COMPILER_APPICON_NAME = AppIcon;
				ASSETCATALOG_COMPILER_GLOBAL_ACCENT_COLOR_NAME = AccentColor;
				CODE_SIGN_STYLE = Automatic;
				CURRENT_PROJECT_VERSION = 1;
				DEVELOPMENT_TEAM = F49PTZF8DC;
				GENERATE_INFOPLIST_FILE = YES;
				INFOPLIST_FILE = Instagram/Info.plist;
				INFOPLIST_KEY_UIApplicationSupportsIndirectInputEvents = YES;
				INFOPLIST_KEY_UILaunchStoryboardName = LaunchScreen;
				INFOPLIST_KEY_UIMainStoryboardFile = Main;
				INFOPLIST_KEY_UISupportedInterfaceOrientations_iPad = "UIInterfaceOrientationPortrait UIInterfaceOrientationPortraitUpsideDown UIInterfaceOrientationLandscapeLeft UIInterfaceOrientationLandscapeRight";
				INFOPLIST_KEY_UISupportedInterfaceOrientations_iPhone = "UIInterfaceOrientationPortrait UIInterfaceOrientationLandscapeLeft UIInterfaceOrientationLandscapeRight";
				LD_RUNPATH_SEARCH_PATHS = (
					"$(inherited)",
					"@executable_path/Frameworks",
				);
				MARKETING_VERSION = 1.0;
				PRODUCT_BUNDLE_IDENTIFIER = com.djLearning.dj.Instagram;
				PRODUCT_NAME = "$(TARGET_NAME)";
				SWIFT_EMIT_LOC_STRINGS = YES;
				SWIFT_VERSION = 5.0;
				TARGETED_DEVICE_FAMILY = "1,2";
			};
			name = Debug;
		};
		254B5CA729D89E8A00CFCB49 /* Release */ = {
			isa = XCBuildConfiguration;
			baseConfigurationReference = A58FE78A9AFD6D56397958BC /* Pods-Instagram.release.xcconfig */;
			buildSettings = {
				ASSETCATALOG_COMPILER_APPICON_NAME = AppIcon;
				ASSETCATALOG_COMPILER_GLOBAL_ACCENT_COLOR_NAME = AccentColor;
				CODE_SIGN_STYLE = Automatic;
				CURRENT_PROJECT_VERSION = 1;
				DEVELOPMENT_TEAM = F49PTZF8DC;
				GENERATE_INFOPLIST_FILE = YES;
				INFOPLIST_FILE = Instagram/Info.plist;
				INFOPLIST_KEY_UIApplicationSupportsIndirectInputEvents = YES;
				INFOPLIST_KEY_UILaunchStoryboardName = LaunchScreen;
				INFOPLIST_KEY_UIMainStoryboardFile = Main;
				INFOPLIST_KEY_UISupportedInterfaceOrientations_iPad = "UIInterfaceOrientationPortrait UIInterfaceOrientationPortraitUpsideDown UIInterfaceOrientationLandscapeLeft UIInterfaceOrientationLandscapeRight";
				INFOPLIST_KEY_UISupportedInterfaceOrientations_iPhone = "UIInterfaceOrientationPortrait UIInterfaceOrientationLandscapeLeft UIInterfaceOrientationLandscapeRight";
				LD_RUNPATH_SEARCH_PATHS = (
					"$(inherited)",
					"@executable_path/Frameworks",
				);
				MARKETING_VERSION = 1.0;
				PRODUCT_BUNDLE_IDENTIFIER = com.djLearning.dj.Instagram;
				PRODUCT_NAME = "$(TARGET_NAME)";
				SWIFT_EMIT_LOC_STRINGS = YES;
				SWIFT_VERSION = 5.0;
				TARGETED_DEVICE_FAMILY = "1,2";
			};
			name = Release;
		};
/* End XCBuildConfiguration section */

/* Begin XCConfigurationList section */
		254B5C8C29D89E8800CFCB49 /* Build configuration list for PBXProject "Instagram" */ = {
			isa = XCConfigurationList;
			buildConfigurations = (
				254B5CA329D89E8A00CFCB49 /* Debug */,
				254B5CA429D89E8A00CFCB49 /* Release */,
			);
			defaultConfigurationIsVisible = 0;
			defaultConfigurationName = Release;
		};
		254B5CA529D89E8A00CFCB49 /* Build configuration list for PBXNativeTarget "Instagram" */ = {
			isa = XCConfigurationList;
			buildConfigurations = (
				254B5CA629D89E8A00CFCB49 /* Debug */,
				254B5CA729D89E8A00CFCB49 /* Release */,
			);
			defaultConfigurationIsVisible = 0;
			defaultConfigurationName = Release;
		};
/* End XCConfigurationList section */
	};
	rootObject = 254B5C8929D89E8800CFCB49 /* Project object */;
}
